
Microsoft Visual Studio Solution File, Format Version 12.00
# Visual Studio 2013
VisualStudioVersion = 12.0.31101.0
MinimumVisualStudioVersion = 10.0.40219.1
Project("{8BC9CEB8-8B4A-11D0-8D11-00A0C91BC942}") = "First LAB", "C++ 2015\C++ 2015.vcxproj", "{D0B889E7-7239-4EBF-86D9-8F70102743E3}"
EndProject
Project("{8BC9CEB8-8B4A-11D0-8D11-00A0C91BC942}") = "GameManager", "GameManager\GameManager.vcxproj", "{B4051C0B-166D-4F6E-B965-EDAFA0701516}"
EndProject
Project("{8BC9CEB8-8B4A-11D0-8D11-00A0C91BC942}") = "Debug", "Debug\Debug.vcxproj", "{6350CE42-8801-4A72-B64E-E784EB592153}"
EndProject
Project("{8BC9CEB8-8B4A-11D0-8D11-00A0C91BC942}") = "SDLGame", "SDLGame\SDLGame.vcxproj", "{EA159467-39A1-4097-887B-A51EFCB56B28}"
EndProject
Project("{8BC9CEB8-8B4A-11D0-8D11-00A0C91BC942}") = "SDLTIMER", "SDLTIMER\SDLTIMER.vcxproj", "{E7DBC759-84E4-4DBF-BF4A-82D64776980D}"
EndProject
Global
	GlobalSection(SolutionConfigurationPlatforms) = preSolution
		Debug|Win32 = Debug|Win32
		Release|Win32 = Release|Win32
	EndGlobalSection
	GlobalSection(ProjectConfigurationPlatforms) = postSolution
		{D0B889E7-7239-4EBF-86D9-8F70102743E3}.Debug|Win32.ActiveCfg = Debug|Win32
		{D0B889E7-7239-4EBF-86D9-8F70102743E3}.Debug|Win32.Build.0 = Debug|Win32
		{D0B889E7-7239-4EBF-86D9-8F70102743E3}.Release|Win32.ActiveCfg = Release|Win32
		{D0B889E7-7239-4EBF-86D9-8F70102743E3}.Release|Win32.Build.0 = Release|Win32
		{B4051C0B-166D-4F6E-B965-EDAFA0701516}.Debug|Win32.ActiveCfg = Debug|Win32
		{B4051C0B-166D-4F6E-B965-EDAFA0701516}.Debug|Win32.Build.0 = Debug|Win32
		{B4051C0B-166D-4F6E-B965-EDAFA0701516}.Release|Win32.ActiveCfg = Release|Win32
		{B4051C0B-166D-4F6E-B965-EDAFA0701516}.Release|Win32.Build.0 = Release|Win32
		{6350CE42-8801-4A72-B64E-E784EB592153}.Debug|Win32.ActiveCfg = Debug|Win32
		{6350CE42-8801-4A72-B64E-E784EB592153}.Debug|Win32.Build.0 = Debug|Win32
		{6350CE42-8801-4A72-B64E-E784EB592153}.Release|Win32.ActiveCfg = Release|Win32
		{6350CE42-8801-4A72-B64E-E784EB592153}.Release|Win32.Build.0 = Release|Win32
		{EA159467-39A1-4097-887B-A51EFCB56B28}.Debug|Win32.ActiveCfg = Debug|Win32
		{EA159467-39A1-4097-887B-A51EFCB56B28}.Debug|Win32.Build.0 = Debug|Win32
		{EA159467-39A1-4097-887B-A51EFCB56B28}.Release|Win32.ActiveCfg = Release|Win32
		{EA159467-39A1-4097-887B-A51EFCB56B28}.Release|Win32.Build.0 = Release|Win32
		{E7DBC759-84E4-4DBF-BF4A-82D64776980D}.Debug|Win32.ActiveCfg = Debug|Win32
		{E7DBC759-84E4-4DBF-BF4A-82D64776980D}.Debug|Win32.Build.0 = Debug|Win32
		{E7DBC759-84E4-4DBF-BF4A-82D64776980D}.Release|Win32.ActiveCfg = Release|Win32
		{E7DBC759-84E4-4DBF-BF4A-82D64776980D}.Release|Win32.Build.0 = Release|Win32
	EndGlobalSection
	GlobalSection(SolutionProperties) = preSolution
		HideSolutionNode = FALSE
	EndGlobalSection
EndGlobal
