
Microsoft Visual Studio Solution File, Format Version 11.00
# Visual Studio 2010
Project("{8BC9CEB8-8B4A-11D0-8D11-00A0C91BC942}") = "3d", "3d.vcxproj", "{09C6B37F-4E1C-4FB6-A5FB-5933AEFBD572}"
EndProject
Project("{8BC9CEB8-8B4A-11D0-8D11-00A0C91BC942}") = "event_parameter", "event_parameter.vcxproj", "{787818D1-C3ED-4851-9A63-35C65E2E757B}"
EndProject
Project("{8BC9CEB8-8B4A-11D0-8D11-00A0C91BC942}") = "load_banks", "load_banks.vcxproj", "{A18176B9-41E3-495A-995D-13E4C024BF02}"
EndProject
Project("{8BC9CEB8-8B4A-11D0-8D11-00A0C91BC942}") = "music_callbacks", "music_callbacks.vcxproj", "{04102462-4D7E-4855-8C15-54BDF190E0EA}"
EndProject
Project("{8BC9CEB8-8B4A-11D0-8D11-00A0C91BC942}") = "objectpan", "objectpan.vcxproj", "{B28C5F82-A5A6-4D88-868A-6226398B3CCD}"
EndProject
Project("{8BC9CEB8-8B4A-11D0-8D11-00A0C91BC942}") = "programmer_sound", "programmer_sound.vcxproj", "{B27B0EDD-3804-4709-8340-8A3B0DBEC4EE}"
EndProject
Project("{8BC9CEB8-8B4A-11D0-8D11-00A0C91BC942}") = "recording_playback", "recording_playback.vcxproj", "{588E117B-0BEC-4396-B808-133D973BA817}"
EndProject
Project("{8BC9CEB8-8B4A-11D0-8D11-00A0C91BC942}") = "simple_event", "simple_event.vcxproj", "{383EAD35-547F-4284-B5FC-6AEB3D5F2B1C}"
EndProject
Global
	GlobalSection(SolutionConfigurationPlatforms) = preSolution
		Debug|Win32 = Debug|Win32
		Debug|x64 = Debug|x64
		Release|Win32 = Release|Win32
		Release|x64 = Release|x64
	EndGlobalSection
	GlobalSection(ProjectConfigurationPlatforms) = postSolution
		{09C6B37F-4E1C-4FB6-A5FB-5933AEFBD572}.Debug|Win32.ActiveCfg = Debug|Win32
		{09C6B37F-4E1C-4FB6-A5FB-5933AEFBD572}.Debug|Win32.Build.0 = Debug|Win32
		{09C6B37F-4E1C-4FB6-A5FB-5933AEFBD572}.Debug|Win32.Deploy.0 = Debug|Win32
		{09C6B37F-4E1C-4FB6-A5FB-5933AEFBD572}.Debug|x64.ActiveCfg = Debug|x64
		{09C6B37F-4E1C-4FB6-A5FB-5933AEFBD572}.Debug|x64.Build.0 = Debug|x64
		{09C6B37F-4E1C-4FB6-A5FB-5933AEFBD572}.Debug|x64.Deploy.0 = Debug|x64
		{09C6B37F-4E1C-4FB6-A5FB-5933AEFBD572}.Release|Win32.ActiveCfg = Release|Win32
		{09C6B37F-4E1C-4FB6-A5FB-5933AEFBD572}.Release|Win32.Build.0 = Release|Win32
		{09C6B37F-4E1C-4FB6-A5FB-5933AEFBD572}.Release|Win32.Deploy.0 = Release|Win32
		{09C6B37F-4E1C-4FB6-A5FB-5933AEFBD572}.Release|x64.ActiveCfg = Release|x64
		{09C6B37F-4E1C-4FB6-A5FB-5933AEFBD572}.Release|x64.Build.0 = Release|x64
		{09C6B37F-4E1C-4FB6-A5FB-5933AEFBD572}.Release|x64.Deploy.0 = Release|x64
		{787818D1-C3ED-4851-9A63-35C65E2E757B}.Debug|Win32.ActiveCfg = Debug|Win32
		{787818D1-C3ED-4851-9A63-35C65E2E757B}.Debug|Win32.Build.0 = Debug|Win32
		{787818D1-C3ED-4851-9A63-35C65E2E757B}.Debug|Win32.Deploy.0 = Debug|Win32
		{787818D1-C3ED-4851-9A63-35C65E2E757B}.Debug|x64.ActiveCfg = Debug|x64
		{787818D1-C3ED-4851-9A63-35C65E2E757B}.Debug|x64.Build.0 = Debug|x64
		{787818D1-C3ED-4851-9A63-35C65E2E757B}.Debug|x64.Deploy.0 = Debug|x64
		{787818D1-C3ED-4851-9A63-35C65E2E757B}.Release|Win32.ActiveCfg = Release|Win32
		{787818D1-C3ED-4851-9A63-35C65E2E757B}.Release|Win32.Build.0 = Release|Win32
		{787818D1-C3ED-4851-9A63-35C65E2E757B}.Release|Win32.Deploy.0 = Release|Win32
		{787818D1-C3ED-4851-9A63-35C65E2E757B}.Release|x64.ActiveCfg = Release|x64
		{787818D1-C3ED-4851-9A63-35C65E2E757B}.Release|x64.Build.0 = Release|x64
		{787818D1-C3ED-4851-9A63-35C65E2E757B}.Release|x64.Deploy.0 = Release|x64
		{A18176B9-41E3-495A-995D-13E4C024BF02}.Debug|Win32.ActiveCfg = Debug|Win32
		{A18176B9-41E3-495A-995D-13E4C024BF02}.Debug|Win32.Build.0 = Debug|Win32
		{A18176B9-41E3-495A-995D-13E4C024BF02}.Debug|Win32.Deploy.0 = Debug|Win32
		{A18176B9-41E3-495A-995D-13E4C024BF02}.Debug|x64.ActiveCfg = Debug|x64
		{A18176B9-41E3-495A-995D-13E4C024BF02}.Debug|x64.Build.0 = Debug|x64
		{A18176B9-41E3-495A-995D-13E4C024BF02}.Debug|x64.Deploy.0 = Debug|x64
		{A18176B9-41E3-495A-995D-13E4C024BF02}.Release|Win32.ActiveCfg = Release|Win32
		{A18176B9-41E3-495A-995D-13E4C024BF02}.Release|Win32.Build.0 = Release|Win32
		{A18176B9-41E3-495A-995D-13E4C024BF02}.Release|Win32.Deploy.0 = Release|Win32
		{A18176B9-41E3-495A-995D-13E4C024BF02}.Release|x64.ActiveCfg = Release|x64
		{A18176B9-41E3-495A-995D-13E4C024BF02}.Release|x64.Build.0 = Release|x64
		{A18176B9-41E3-495A-995D-13E4C024BF02}.Release|x64.Deploy.0 = Release|x64
		{04102462-4D7E-4855-8C15-54BDF190E0EA}.Debug|Win32.ActiveCfg = Debug|Win32
		{04102462-4D7E-4855-8C15-54BDF190E0EA}.Debug|Win32.Build.0 = Debug|Win32
		{04102462-4D7E-4855-8C15-54BDF190E0EA}.Debug|Win32.Deploy.0 = Debug|Win32
		{04102462-4D7E-4855-8C15-54BDF190E0EA}.Debug|x64.ActiveCfg = Debug|x64
		{04102462-4D7E-4855-8C15-54BDF190E0EA}.Debug|x64.Build.0 = Debug|x64
		{04102462-4D7E-4855-8C15-54BDF190E0EA}.Debug|x64.Deploy.0 = Debug|x64
		{04102462-4D7E-4855-8C15-54BDF190E0EA}.Release|Win32.ActiveCfg = Release|Win32
		{04102462-4D7E-4855-8C15-54BDF190E0EA}.Release|Win32.Build.0 = Release|Win32
		{04102462-4D7E-4855-8C15-54BDF190E0EA}.Release|Win32.Deploy.0 = Release|Win32
		{04102462-4D7E-4855-8C15-54BDF190E0EA}.Release|x64.ActiveCfg = Release|x64
		{04102462-4D7E-4855-8C15-54BDF190E0EA}.Release|x64.Build.0 = Release|x64
		{04102462-4D7E-4855-8C15-54BDF190E0EA}.Release|x64.Deploy.0 = Release|x64
		{B28C5F82-A5A6-4D88-868A-6226398B3CCD}.Debug|Win32.ActiveCfg = Debug|Win32
		{B28C5F82-A5A6-4D88-868A-6226398B3CCD}.Debug|Win32.Build.0 = Debug|Win32
		{B28C5F82-A5A6-4D88-868A-6226398B3CCD}.Debug|Win32.Deploy.0 = Debug|Win32
		{B28C5F82-A5A6-4D88-868A-6226398B3CCD}.Debug|x64.ActiveCfg = Debug|x64
		{B28C5F82-A5A6-4D88-868A-6226398B3CCD}.Debug|x64.Build.0 = Debug|x64
		{B28C5F82-A5A6-4D88-868A-6226398B3CCD}.Debug|x64.Deploy.0 = Debug|x64
		{B28C5F82-A5A6-4D88-868A-6226398B3CCD}.Release|Win32.ActiveCfg = Release|Win32
		{B28C5F82-A5A6-4D88-868A-6226398B3CCD}.Release|Win32.Build.0 = Release|Win32
		{B28C5F82-A5A6-4D88-868A-6226398B3CCD}.Release|Win32.Deploy.0 = Release|Win32
		{B28C5F82-A5A6-4D88-868A-6226398B3CCD}.Release|x64.ActiveCfg = Release|x64
		{B28C5F82-A5A6-4D88-868A-6226398B3CCD}.Release|x64.Build.0 = Release|x64
		{B28C5F82-A5A6-4D88-868A-6226398B3CCD}.Release|x64.Deploy.0 = Release|x64
		{B27B0EDD-3804-4709-8340-8A3B0DBEC4EE}.Debug|Win32.ActiveCfg = Debug|Win32
		{B27B0EDD-3804-4709-8340-8A3B0DBEC4EE}.Debug|Win32.Build.0 = Debug|Win32
		{B27B0EDD-3804-4709-8340-8A3B0DBEC4EE}.Debug|Win32.Deploy.0 = Debug|Win32
		{B27B0EDD-3804-4709-8340-8A3B0DBEC4EE}.Debug|x64.ActiveCfg = Debug|x64
		{B27B0EDD-3804-4709-8340-8A3B0DBEC4EE}.Debug|x64.Build.0 = Debug|x64
		{B27B0EDD-3804-4709-8340-8A3B0DBEC4EE}.Debug|x64.Deploy.0 = Debug|x64
		{B27B0EDD-3804-4709-8340-8A3B0DBEC4EE}.Release|Win32.ActiveCfg = Release|Win32
		{B27B0EDD-3804-4709-8340-8A3B0DBEC4EE}.Release|Win32.Build.0 = Release|Win32
		{B27B0EDD-3804-4709-8340-8A3B0DBEC4EE}.Release|Win32.Deploy.0 = Release|Win32
		{B27B0EDD-3804-4709-8340-8A3B0DBEC4EE}.Release|x64.ActiveCfg = Release|x64
		{B27B0EDD-3804-4709-8340-8A3B0DBEC4EE}.Release|x64.Build.0 = Release|x64
		{B27B0EDD-3804-4709-8340-8A3B0DBEC4EE}.Release|x64.Deploy.0 = Release|x64
		{588E117B-0BEC-4396-B808-133D973BA817}.Debug|Win32.ActiveCfg = Debug|Win32
		{588E117B-0BEC-4396-B808-133D973BA817}.Debug|Win32.Build.0 = Debug|Win32
		{588E117B-0BEC-4396-B808-133D973BA817}.Debug|Win32.Deploy.0 = Debug|Win32
		{588E117B-0BEC-4396-B808-133D973BA817}.Debug|x64.ActiveCfg = Debug|x64
		{588E117B-0BEC-4396-B808-133D973BA817}.Debug|x64.Build.0 = Debug|x64
		{588E117B-0BEC-4396-B808-133D973BA817}.Debug|x64.Deploy.0 = Debug|x64
		{588E117B-0BEC-4396-B808-133D973BA817}.Release|Win32.ActiveCfg = Release|Win32
		{588E117B-0BEC-4396-B808-133D973BA817}.Release|Win32.Build.0 = Release|Win32
		{588E117B-0BEC-4396-B808-133D973BA817}.Release|Win32.Deploy.0 = Release|Win32
		{588E117B-0BEC-4396-B808-133D973BA817}.Release|x64.ActiveCfg = Release|x64
		{588E117B-0BEC-4396-B808-133D973BA817}.Release|x64.Build.0 = Release|x64
		{588E117B-0BEC-4396-B808-133D973BA817}.Release|x64.Deploy.0 = Release|x64
		{383EAD35-547F-4284-B5FC-6AEB3D5F2B1C}.Debug|Win32.ActiveCfg = Debug|Win32
		{383EAD35-547F-4284-B5FC-6AEB3D5F2B1C}.Debug|Win32.Build.0 = Debug|Win32
		{383EAD35-547F-4284-B5FC-6AEB3D5F2B1C}.Debug|Win32.Deploy.0 = Debug|Win32
		{383EAD35-547F-4284-B5FC-6AEB3D5F2B1C}.Debug|x64.ActiveCfg = Debug|x64
		{383EAD35-547F-4284-B5FC-6AEB3D5F2B1C}.Debug|x64.Build.0 = Debug|x64
		{383EAD35-547F-4284-B5FC-6AEB3D5F2B1C}.Debug|x64.Deploy.0 = Debug|x64
		{383EAD35-547F-4284-B5FC-6AEB3D5F2B1C}.Release|Win32.ActiveCfg = Release|Win32
		{383EAD35-547F-4284-B5FC-6AEB3D5F2B1C}.Release|Win32.Build.0 = Release|Win32
		{383EAD35-547F-4284-B5FC-6AEB3D5F2B1C}.Release|Win32.Deploy.0 = Release|Win32
		{383EAD35-547F-4284-B5FC-6AEB3D5F2B1C}.Release|x64.ActiveCfg = Release|x64
		{383EAD35-547F-4284-B5FC-6AEB3D5F2B1C}.Release|x64.Build.0 = Release|x64
		{383EAD35-547F-4284-B5FC-6AEB3D5F2B1C}.Release|x64.Deploy.0 = Release|x64
	EndGlobalSection
	GlobalSection(SolutionProperties) = preSolution
		HideSolutionNode = FALSE
	EndGlobalSection
EndGlobal
